// !$*UTF8*$!
{
	archiveVersion = 1;
	classes = {
	};
	objectVersion = 50;
	objects = {

/* Begin PBXBuildFile section */
		986E2D8E20F2707700A3E8BE /* PatientsCell.swift in Sources */ = {isa = PBXBuildFile; fileRef = 986E2D8D20F2707700A3E8BE /* PatientsCell.swift */; };
		986E2D9120F45A5700A3E8BE /* HomeCell.swift in Sources */ = {isa = PBXBuildFile; fileRef = 986E2D9020F45A5700A3E8BE /* HomeCell.swift */; };
		98C8ABE220F2507C00E5368D /* AppDelegate.swift in Sources */ = {isa = PBXBuildFile; fileRef = 98C8ABE120F2507C00E5368D /* AppDelegate.swift */; };
		98C8ABE420F2507C00E5368D /* ViewController.swift in Sources */ = {isa = PBXBuildFile; fileRef = 98C8ABE320F2507C00E5368D /* ViewController.swift */; };
		98C8ABE720F2507C00E5368D /* Main.storyboard in Resources */ = {isa = PBXBuildFile; fileRef = 98C8ABE520F2507C00E5368D /* Main.storyboard */; };
		98C8ABE920F2507E00E5368D /* Assets.xcassets in Resources */ = {isa = PBXBuildFile; fileRef = 98C8ABE820F2507E00E5368D /* Assets.xcassets */; };
		98C8ABEC20F2507E00E5368D /* LaunchScreen.storyboard in Resources */ = {isa = PBXBuildFile; fileRef = 98C8ABEA20F2507E00E5368D /* LaunchScreen.storyboard */; };
		98C8ABF420F2648600E5368D /* PatientViewController.swift in Sources */ = {isa = PBXBuildFile; fileRef = 98C8ABF320F2648600E5368D /* PatientViewController.swift */; };
		98C8ABF620F2649700E5368D /* AnalysisViewController.swift in Sources */ = {isa = PBXBuildFile; fileRef = 98C8ABF520F2649700E5368D /* AnalysisViewController.swift */; };
		98C8ABF820F264A400E5368D /* HomeViewController.swift in Sources */ = {isa = PBXBuildFile; fileRef = 98C8ABF720F264A400E5368D /* HomeViewController.swift */; };
		98C8ABFA20F264C600E5368D /* PatientsQuestionsViewController.swift in Sources */ = {isa = PBXBuildFile; fileRef = 98C8ABF920F264C600E5368D /* PatientsQuestionsViewController.swift */; };
		98C8ABFC20F264D500E5368D /* PatientsResultsViewController.swift in Sources */ = {isa = PBXBuildFile; fileRef = 98C8ABFB20F264D500E5368D /* PatientsResultsViewController.swift */; };
		98C8ABFE20F264E800E5368D /* LoginViewController.swift in Sources */ = {isa = PBXBuildFile; fileRef = 98C8ABFD20F264E800E5368D /* LoginViewController.swift */; };
		98C8AC0020F264F700E5368D /* PatientRegisterViewController.swift in Sources */ = {isa = PBXBuildFile; fileRef = 98C8ABFF20F264F700E5368D /* PatientRegisterViewController.swift */; };
		98C8AC0220F2650D00E5368D /* RegisterViewController.swift in Sources */ = {isa = PBXBuildFile; fileRef = 98C8AC0120F2650D00E5368D /* RegisterViewController.swift */; };
		CC9F3CCE888467664FBD7309 /* Pods_illham.framework in Frameworks */ = {isa = PBXBuildFile; fileRef = 63E501072339693D38132BC9 /* Pods_illham.framework */; };
/* End PBXBuildFile section */

/* Begin PBXFileReference section */
		55824B288F962E361FE65E17 /* Pods-illham.release.xcconfig */ = {isa = PBXFileReference; includeInIndex = 1; lastKnownFileType = text.xcconfig; name = "Pods-illham.release.xcconfig"; path = "Pods/Target Support Files/Pods-illham/Pods-illham.release.xcconfig"; sourceTree = "<group>"; };
		63E501072339693D38132BC9 /* Pods_illham.framework */ = {isa = PBXFileReference; explicitFileType = wrapper.framework; includeInIndex = 0; path = Pods_illham.framework; sourceTree = BUILT_PRODUCTS_DIR; };
		986E2D8D20F2707700A3E8BE /* PatientsCell.swift */ = {isa = PBXFileReference; lastKnownFileType = sourcecode.swift; path = PatientsCell.swift; sourceTree = "<group>"; };
		986E2D9020F45A5700A3E8BE /* HomeCell.swift */ = {isa = PBXFileReference; lastKnownFileType = sourcecode.swift; path = HomeCell.swift; sourceTree = "<group>"; };
		98C8ABDE20F2507C00E5368D /* illham.app */ = {isa = PBXFileReference; explicitFileType = wrapper.application; includeInIndex = 0; path = illham.app; sourceTree = BUILT_PRODUCTS_DIR; };
		98C8ABE120F2507C00E5368D /* AppDelegate.swift */ = {isa = PBXFileReference; lastKnownFileType = sourcecode.swift; path = AppDelegate.swift; sourceTree = "<group>"; };
		98C8ABE320F2507C00E5368D /* ViewController.swift */ = {isa = PBXFileReference; lastKnownFileType = sourcecode.swift; path = ViewController.swift; sourceTree = "<group>"; };
		98C8ABE620F2507C00E5368D /* Base */ = {isa = PBXFileReference; lastKnownFileType = file.storyboard; name = Base; path = Base.lproj/Main.storyboard; sourceTree = "<group>"; };
		98C8ABE820F2507E00E5368D /* Assets.xcassets */ = {isa = PBXFileReference; lastKnownFileType = folder.assetcatalog; path = Assets.xcassets; sourceTree = "<group>"; };
		98C8ABEB20F2507E00E5368D /* Base */ = {isa = PBXFileReference; lastKnownFileType = file.storyboard; name = Base; path = Base.lproj/LaunchScreen.storyboard; sourceTree = "<group>"; };
		98C8ABED20F2507E00E5368D /* Info.plist */ = {isa = PBXFileReference; lastKnownFileType = text.plist.xml; path = Info.plist; sourceTree = "<group>"; };
		98C8ABF320F2648600E5368D /* PatientViewController.swift */ = {isa = PBXFileReference; lastKnownFileType = sourcecode.swift; path = PatientViewController.swift; sourceTree = "<group>"; };
		98C8ABF520F2649700E5368D /* AnalysisViewController.swift */ = {isa = PBXFileReference; lastKnownFileType = sourcecode.swift; path = AnalysisViewController.swift; sourceTree = "<group>"; };
		98C8ABF720F264A400E5368D /* HomeViewController.swift */ = {isa = PBXFileReference; lastKnownFileType = sourcecode.swift; path = HomeViewController.swift; sourceTree = "<group>"; };
		98C8ABF920F264C600E5368D /* PatientsQuestionsViewController.swift */ = {isa = PBXFileReference; lastKnownFileType = sourcecode.swift; path = PatientsQuestionsViewController.swift; sourceTree = "<group>"; };
		98C8ABFB20F264D500E5368D /* PatientsResultsViewController.swift */ = {isa = PBXFileReference; lastKnownFileType = sourcecode.swift; path = PatientsResultsViewController.swift; sourceTree = "<group>"; };
		98C8ABFD20F264E800E5368D /* LoginViewController.swift */ = {isa = PBXFileReference; lastKnownFileType = sourcecode.swift; path = LoginViewController.swift; sourceTree = "<group>"; };
		98C8ABFF20F264F700E5368D /* PatientRegisterViewController.swift */ = {isa = PBXFileReference; lastKnownFileType = sourcecode.swift; path = PatientRegisterViewController.swift; sourceTree = "<group>"; };
		98C8AC0120F2650D00E5368D /* RegisterViewController.swift */ = {isa = PBXFileReference; lastKnownFileType = sourcecode.swift; path = RegisterViewController.swift; sourceTree = "<group>"; };
		9EAA4719B158CC554574C5DC /* Pods-illham.debug.xcconfig */ = {isa = PBXFileReference; includeInIndex = 1; lastKnownFileType = text.xcconfig; name = "Pods-illham.debug.xcconfig"; path = "Pods/Target Support Files/Pods-illham/Pods-illham.debug.xcconfig"; sourceTree = "<group>"; };
/* End PBXFileReference section */

/* Begin PBXFrameworksBuildPhase section */
		98C8ABDB20F2507C00E5368D /* Frameworks */ = {
			isa = PBXFrameworksBuildPhase;
			buildActionMask = 2147483647;
			files = (
				CC9F3CCE888467664FBD7309 /* Pods_illham.framework in Frameworks */,
			);
			runOnlyForDeploymentPostprocessing = 0;
		};
/* End PBXFrameworksBuildPhase section */

/* Begin PBXGroup section */
		98C8ABD520F2507C00E5368D = {
			isa = PBXGroup;
			children = (
				98C8ABE020F2507C00E5368D /* illham */,
				98C8ABDF20F2507C00E5368D /* Products */,
				FC76F3F88234262CD5317560 /* Pods */,
				ACB367F2FD087B08481CFBD6 /* Frameworks */,
			);
			sourceTree = "<group>";
		};
		98C8ABDF20F2507C00E5368D /* Products */ = {
			isa = PBXGroup;
			children = (
				98C8ABDE20F2507C00E5368D /* illham.app */,
			);
			name = Products;
			sourceTree = "<group>";
		};
		98C8ABE020F2507C00E5368D /* illham */ = {
			isa = PBXGroup;
			children = (
				98C8ABE120F2507C00E5368D /* AppDelegate.swift */,
				98C8ABE320F2507C00E5368D /* ViewController.swift */,
				98C8ABE520F2507C00E5368D /* Main.storyboard */,
				98C8ABE820F2507E00E5368D /* Assets.xcassets */,
				98C8ABEA20F2507E00E5368D /* LaunchScreen.storyboard */,
				98C8ABED20F2507E00E5368D /* Info.plist */,
				98C8ABF320F2648600E5368D /* PatientViewController.swift */,
				98C8ABF520F2649700E5368D /* AnalysisViewController.swift */,
				98C8ABF720F264A400E5368D /* HomeViewController.swift */,
				98C8ABF920F264C600E5368D /* PatientsQuestionsViewController.swift */,
				98C8ABFB20F264D500E5368D /* PatientsResultsViewController.swift */,
				98C8ABFD20F264E800E5368D /* LoginViewController.swift */,
				98C8ABFF20F264F700E5368D /* PatientRegisterViewController.swift */,
				98C8AC0120F2650D00E5368D /* RegisterViewController.swift */,
				986E2D8D20F2707700A3E8BE /* PatientsCell.swift */,
				986E2D9020F45A5700A3E8BE /* HomeCell.swift */,
			);
			path = illham;
			sourceTree = "<group>";
		};
		ACB367F2FD087B08481CFBD6 /* Frameworks */ = {
			isa = PBXGroup;
			children = (
				63E501072339693D38132BC9 /* Pods_illham.framework */,
			);
			name = Frameworks;
			sourceTree = "<group>";
		};
		FC76F3F88234262CD5317560 /* Pods */ = {
			isa = PBXGroup;
			children = (
				9EAA4719B158CC554574C5DC /* Pods-illham.debug.xcconfig */,
				55824B288F962E361FE65E17 /* Pods-illham.release.xcconfig */,
			);
			name = Pods;
			sourceTree = "<group>";
		};
/* End PBXGroup section */

/* Begin PBXNativeTarget section */
		98C8ABDD20F2507C00E5368D /* illham */ = {
			isa = PBXNativeTarget;
			buildConfigurationList = 98C8ABF020F2507E00E5368D /* Build configuration list for PBXNativeTarget "illham" */;
			buildPhases = (
				DF2C0ABDEFAE7A51617E766C /* [CP] Check Pods Manifest.lock */,
				98C8ABDA20F2507C00E5368D /* Sources */,
				98C8ABDB20F2507C00E5368D /* Frameworks */,
				98C8ABDC20F2507C00E5368D /* Resources */,
				6603D788B0DA8337E4AD4349 /* [CP] Embed Pods Frameworks */,
			);
			buildRules = (
			);
			dependencies = (
			);
			name = illham;
			productName = illham;
			productReference = 98C8ABDE20F2507C00E5368D /* illham.app */;
			productType = "com.apple.product-type.application";
		};
/* End PBXNativeTarget section */

/* Begin PBXProject section */
		98C8ABD620F2507C00E5368D /* Project object */ = {
			isa = PBXProject;
			attributes = {
				LastSwiftUpdateCheck = 0940;
				LastUpgradeCheck = 0940;
				ORGANIZATIONNAME = Ideate;
				TargetAttributes = {
					98C8ABDD20F2507C00E5368D = {
						CreatedOnToolsVersion = 9.4.1;
					};
				};
			};
			buildConfigurationList = 98C8ABD920F2507C00E5368D /* Build configuration list for PBXProject "illham" */;
			compatibilityVersion = "Xcode 9.3";
			developmentRegion = en;
			hasScannedForEncodings = 0;
			knownRegions = (
				en,
				Base,
			);
			mainGroup = 98C8ABD520F2507C00E5368D;
			productRefGroup = 98C8ABDF20F2507C00E5368D /* Products */;
			projectDirPath = "";
			projectRoot = "";
			targets = (
				98C8ABDD20F2507C00E5368D /* illham */,
			);
		};
/* End PBXProject section */

/* Begin PBXResourcesBuildPhase section */
		98C8ABDC20F2507C00E5368D /* Resources */ = {
			isa = PBXResourcesBuildPhase;
			buildActionMask = 2147483647;
			files = (
				98C8ABEC20F2507E00E5368D /* LaunchScreen.storyboard in Resources */,
				98C8ABE920F2507E00E5368D /* Assets.xcassets in Resources */,
				98C8ABE720F2507C00E5368D /* Main.storyboard in Resources */,
			);
			runOnlyForDeploymentPostprocessing = 0;
		};
/* End PBXResourcesBuildPhase section */

/* Begin PBXShellScriptBuildPhase section */
		6603D788B0DA8337E4AD4349 /* [CP] Embed Pods Frameworks */ = {
			isa = PBXShellScriptBuildPhase;
			buildActionMask = 2147483647;
			files = (
			);
			inputPaths = (
				"${SRCROOT}/Pods/Target Support Files/Pods-illham/Pods-illham-frameworks.sh",
				"${BUILT_PRODUCTS_DIR}/Algorithm/Algorithm.framework",
				"${BUILT_PRODUCTS_DIR}/Graph/Graph.framework",
				"${BUILT_PRODUCTS_DIR}/Material/Material.framework",
				"${BUILT_PRODUCTS_DIR}/Motion/Motion.framework",
			);
			name = "[CP] Embed Pods Frameworks";
			outputPaths = (
				"${TARGET_BUILD_DIR}/${FRAMEWORKS_FOLDER_PATH}/Algorithm.framework",
				"${TARGET_BUILD_DIR}/${FRAMEWORKS_FOLDER_PATH}/Graph.framework",
				"${TARGET_BUILD_DIR}/${FRAMEWORKS_FOLDER_PATH}/Material.framework",
				"${TARGET_BUILD_DIR}/${FRAMEWORKS_FOLDER_PATH}/Motion.framework",
			);
			runOnlyForDeploymentPostprocessing = 0;
			shellPath = /bin/sh;
			shellScript = "\"${SRCROOT}/Pods/Target Support Files/Pods-illham/Pods-illham-frameworks.sh\"\n";
			showEnvVarsInLog = 0;
		};
		DF2C0ABDEFAE7A51617E766C /* [CP] Check Pods Manifest.lock */ = {
			isa = PBXShellScriptBuildPhase;
			buildActionMask = 2147483647;
			files = (
			);
			inputPaths = (
				"${PODS_PODFILE_DIR_PATH}/Podfile.lock",
				"${PODS_ROOT}/Manifest.lock",
			);
			name = "[CP] Check Pods Manifest.lock";
			outputPaths = (
				"$(DERIVED_FILE_DIR)/Pods-illham-checkManifestLockResult.txt",
			);
			runOnlyForDeploymentPostprocessing = 0;
			shellPath = /bin/sh;
			shellScript = "diff \"${PODS_PODFILE_DIR_PATH}/Podfile.lock\" \"${PODS_ROOT}/Manifest.lock\" > /dev/null\nif [ $? != 0 ] ; then\n    # print error to STDERR\n    echo \"error: The sandbox is not in sync with the Podfile.lock. Run 'pod install' or update your CocoaPods installation.\" >&2\n    exit 1\nfi\n# This output is used by Xcode 'outputs' to avoid re-running this script phase.\necho \"SUCCESS\" > \"${SCRIPT_OUTPUT_FILE_0}\"\n";
			showEnvVarsInLog = 0;
		};
/* End PBXShellScriptBuildPhase section */

/* Begin PBXSourcesBuildPhase section */
		98C8ABDA20F2507C00E5368D /* Sources */ = {
			isa = PBXSourcesBuildPhase;
			buildActionMask = 2147483647;
			files = (
				98C8ABFA20F264C600E5368D /* PatientsQuestionsViewController.swift in Sources */,
				98C8AC0220F2650D00E5368D /* RegisterViewController.swift in Sources */,
				98C8ABF820F264A400E5368D /* HomeViewController.swift in Sources */,
				98C8ABE420F2507C00E5368D /* ViewController.swift in Sources */,
				98C8ABE220F2507C00E5368D /* AppDelegate.swift in Sources */,
				98C8ABFE20F264E800E5368D /* LoginViewController.swift in Sources */,
				98C8AC0020F264F700E5368D /* PatientRegisterViewController.swift in Sources */,
				986E2D8E20F2707700A3E8BE /* PatientsCell.swift in Sources */,
				98C8ABFC20F264D500E5368D /* PatientsResultsViewController.swift in Sources */,
				98C8ABF620F2649700E5368D /* AnalysisViewController.swift in Sources */,
				986E2D9120F45A5700A3E8BE /* HomeCell.swift in Sources */,
				98C8ABF420F2648600E5368D /* PatientViewController.swift in Sources */,
			);
			runOnlyForDeploymentPostprocessing = 0;
		};
/* End PBXSourcesBuildPhase section */

/* Begin PBXVariantGroup section */
		98C8ABE520F2507C00E5368D /* Main.storyboard */ = {
			isa = PBXVariantGroup;
			children = (
				98C8ABE620F2507C00E5368D /* Base */,
			);
			name = Main.storyboard;
			sourceTree = "<group>";
		};
		98C8ABEA20F2507E00E5368D /* LaunchScreen.storyboard */ = {
			isa = PBXVariantGroup;
			children = (
				98C8ABEB20F2507E00E5368D /* Base */,
			);
			name = LaunchScreen.storyboard;
			sourceTree = "<group>";
		};
/* End PBXVariantGroup section */

/* Begin XCBuildConfiguration section */
		98C8ABEE20F2507E00E5368D /* Debug */ = {
			isa = XCBuildConfiguration;
			buildSettings = {
				ALWAYS_SEARCH_USER_PATHS = NO;
				CLANG_ANALYZER_NONNULL = YES;
				CLANG_ANALYZER_NUMBER_OBJECT_CONVERSION = YES_AGGRESSIVE;
				CLANG_CXX_LANGUAGE_STANDARD = "gnu++14";
				CLANG_CXX_LIBRARY = "libc++";
				CLANG_ENABLE_MODULES = YES;
				CLANG_ENABLE_OBJC_ARC = YES;
				CLANG_ENABLE_OBJC_WEAK = YES;
				CLANG_WARN_BLOCK_CAPTURE_AUTORELEASING = YES;
				CLANG_WARN_BOOL_CONVERSION = YES;
				CLANG_WARN_COMMA = YES;
				CLANG_WARN_CONSTANT_CONVERSION = YES;
				CLANG_WARN_DEPRECATED_OBJC_IMPLEMENTATIONS = YES;
				CLANG_WARN_DIRECT_OBJC_ISA_USAGE = YES_ERROR;
				CLANG_WARN_DOCUMENTATION_COMMENTS = YES;
				CLANG_WARN_EMPTY_BODY = YES;
				CLANG_WARN_ENUM_CONVERSION = YES;
				CLANG_WARN_INFINITE_RECURSION = YES;
				CLANG_WARN_INT_CONVERSION = YES;
				CLANG_WARN_NON_LITERAL_NULL_CONVERSION = YES;
				CLANG_WARN_OBJC_IMPLICIT_RETAIN_SELF = YES;
				CLANG_WARN_OBJC_LITERAL_CONVERSION = YES;
				CLANG_WARN_OBJC_ROOT_CLASS = YES_ERROR;
				CLANG_WARN_RANGE_LOOP_ANALYSIS = YES;
				CLANG_WARN_STRICT_PROTOTYPES = YES;
				CLANG_WARN_SUSPICIOUS_MOVE = YES;
				CLANG_WARN_UNGUARDED_AVAILABILITY = YES_AGGRESSIVE;
				CLANG_WARN_UNREACHABLE_CODE = YES;
				CLANG_WARN__DUPLICATE_METHOD_MATCH = YES;
				CODE_SIGN_IDENTITY = "iPhone Developer";
				COPY_PHASE_STRIP = NO;
				DEBUG_INFORMATION_FORMAT = dwarf;
				ENABLE_STRICT_OBJC_MSGSEND = YES;
				ENABLE_TESTABILITY = YES;
				GCC_C_LANGUAGE_STANDARD = gnu11;
				GCC_DYNAMIC_NO_PIC = NO;
				GCC_NO_COMMON_BLOCKS = YES;
				GCC_OPTIMIZATION_LEVEL = 0;
				GCC_PREPROCESSOR_DEFINITIONS = (
					"DEBUG=1",
					"$(inherited)",
				);
				GCC_WARN_64_TO_32_BIT_CONVERSION = YES;
				GCC_WARN_ABOUT_RETURN_TYPE = YES_ERROR;
				GCC_WARN_UNDECLARED_SELECTOR = YES;
				GCC_WARN_UNINITIALIZED_AUTOS = YES_AGGRESSIVE;
				GCC_WARN_UNUSED_FUNCTION = YES;
				GCC_WARN_UNUSED_VARIABLE = YES;
				IPHONEOS_DEPLOYMENT_TARGET = 11.4;
				MTL_ENABLE_DEBUG_INFO = YES;
				ONLY_ACTIVE_ARCH = YES;
				SDKROOT = iphoneos;
				SWIFT_ACTIVE_COMPILATION_CONDITIONS = DEBUG;
				SWIFT_OPTIMIZATION_LEVEL = "-Onone";
			};
			name = Debug;
		};
		98C8ABEF20F2507E00E5368D /* Release */ = {
			isa = XCBuildConfiguration;
			buildSettings = {
				ALWAYS_SEARCH_USER_PATHS = NO;
				CLANG_ANALYZER_NONNULL = YES;
				CLANG_ANALYZER_NUMBER_OBJECT_CONVERSION = YES_AGGRESSIVE;
				CLANG_CXX_LANGUAGE_STANDARD = "gnu++14";
				CLANG_CXX_LIBRARY = "libc++";
				CLANG_ENABLE_MODULES = YES;
				CLANG_ENABLE_OBJC_ARC = YES;
				CLANG_ENABLE_OBJC_WEAK = YES;
				CLANG_WARN_BLOCK_CAPTURE_AUTORELEASING = YES;
				CLANG_WARN_BOOL_CONVERSION = YES;
				CLANG_WARN_COMMA = YES;
				CLANG_WARN_CONSTANT_CONVERSION = YES;
				CLANG_WARN_DEPRECATED_OBJC_IMPLEMENTATIONS = YES;
				CLANG_WARN_DIRECT_OBJC_ISA_USAGE = YES_ERROR;
				CLANG_WARN_DOCUMENTATION_COMMENTS = YES;
				CLANG_WARN_EMPTY_BODY = YES;
				CLANG_WARN_ENUM_CONVERSION = YES;
				CLANG_WARN_INFINITE_RECURSION = YES;
				CLANG_WARN_INT_CONVERSION = YES;
				CLANG_WARN_NON_LITERAL_NULL_CONVERSION = YES;
				CLANG_WARN_OBJC_IMPLICIT_RETAIN_SELF = YES;
				CLANG_WARN_OBJC_LITERAL_CONVERSION = YES;
				CLANG_WARN_OBJC_ROOT_CLASS = YES_ERROR;
				CLANG_WARN_RANGE_LOOP_ANALYSIS = YES;
				CLANG_WARN_STRICT_PROTOTYPES = YES;
				CLANG_WARN_SUSPICIOUS_MOVE = YES;
				CLANG_WARN_UNGUARDED_AVAILABILITY = YES_AGGRESSIVE;
				CLANG_WARN_UNREACHABLE_CODE = YES;
				CLANG_WARN__DUPLICATE_METHOD_MATCH = YES;
				CODE_SIGN_IDENTITY = "iPhone Developer";
				COPY_PHASE_STRIP = NO;
				DEBUG_INFORMATION_FORMAT = "dwarf-with-dsym";
				ENABLE_NS_ASSERTIONS = NO;
				ENABLE_STRICT_OBJC_MSGSEND = YES;
				GCC_C_LANGUAGE_STANDARD = gnu11;
				GCC_NO_COMMON_BLOCKS = YES;
				GCC_WARN_64_TO_32_BIT_CONVERSION = YES;
				GCC_WARN_ABOUT_RETURN_TYPE = YES_ERROR;
				GCC_WARN_UNDECLARED_SELECTOR = YES;
				GCC_WARN_UNINITIALIZED_AUTOS = YES_AGGRESSIVE;
				GCC_WARN_UNUSED_FUNCTION = YES;
				GCC_WARN_UNUSED_VARIABLE = YES;
				IPHONEOS_DEPLOYMENT_TARGET = 11.4;
				MTL_ENABLE_DEBUG_INFO = NO;
				SDKROOT = iphoneos;
				SWIFT_COMPILATION_MODE = wholemodule;
				SWIFT_OPTIMIZATION_LEVEL = "-O";
				VALIDATE_PRODUCT = YES;
			};
			name = Release;
		};
		98C8ABF120F2507E00E5368D /* Debug */ = {
			isa = XCBuildConfiguration;
			baseConfigurationReference = 9EAA4719B158CC554574C5DC /* Pods-illham.debug.xcconfig */;
			buildSettings = {
				ASSETCATALOG_COMPILER_APPICON_NAME = AppIcon;
				CODE_SIGN_STYLE = Automatic;
				DEVELOPMENT_TEAM = 5XNF3487F8;
				INFOPLIST_FILE = illham/Info.plist;
				LD_RUNPATH_SEARCH_PATHS = (
					"$(inherited)",
					"@executable_path/Frameworks",
				);
				PRODUCT_BUNDLE_IDENTIFIER = ideate.illham;
				PRODUCT_NAME = "$(TARGET_NAME)";
				SWIFT_VERSION = 4.0;
				TARGETED_DEVICE_FAMILY = "1,2";
			};
			name = Debug;
		};
		98C8ABF220F2507E00E5368D /* Release */ = {
			isa = XCBuildConfiguration;
			baseConfigurationReference = 55824B288F962E361FE65E17 /* Pods-illham.release.xcconfig */;
			buildSettings = {
				ASSETCATALOG_COMPILER_APPICON_NAME = AppIcon;
				CODE_SIGN_STYLE = Automatic;
				DEVELOPMENT_TEAM = 5XNF3487F8;
				INFOPLIST_FILE = illham/Info.plist;
				LD_RUNPATH_SEARCH_PATHS = (
					"$(inherited)",
					"@executable_path/Frameworks",
				);
				PRODUCT_BUNDLE_IDENTIFIER = ideate.illham;
				PRODUCT_NAME = "$(TARGET_NAME)";
				SWIFT_VERSION = 4.0;
				TARGETED_DEVICE_FAMILY = "1,2";
			};
			name = Release;
		};
/* End XCBuildConfiguration section */

/* Begin XCConfigurationList section */
		98C8ABD920F2507C00E5368D /* Build configuration list for PBXProject "illham" */ = {
			isa = XCConfigurationList;
			buildConfigurations = (
				98C8ABEE20F2507E00E5368D /* Debug */,
				98C8ABEF20F2507E00E5368D /* Release */,
			);
			defaultConfigurationIsVisible = 0;
			defaultConfigurationName = Release;
		};
		98C8ABF020F2507E00E5368D /* Build configuration list for PBXNativeTarget "illham" */ = {
			isa = XCConfigurationList;
			buildConfigurations = (
				98C8ABF120F2507E00E5368D /* Debug */,
				98C8ABF220F2507E00E5368D /* Release */,
			);
			defaultConfigurationIsVisible = 0;
			defaultConfigurationName = Release;
		};
/* End XCConfigurationList section */
	};
	rootObject = 98C8ABD620F2507C00E5368D /* Project object */;
}
